// !$*UTF8*$!
{
	archiveVersion = 1;
	classes = {
	};
	objectVersion = 51;
	objects = {

/* Begin PBXBuildFile section */
		0F9C4ECCF92E2454999912C6 /* Pods_QuizApp.framework in Frameworks */ = {isa = PBXBuildFile; fileRef = C8DBCF31F482C3894009FB80 /* Pods_QuizApp.framework */; };
		8D379957245C4837003068DA /* LeaderboardViewController.swift in Sources */ = {isa = PBXBuildFile; fileRef = 8D379956245C4837003068DA /* LeaderboardViewController.swift */; };
		8D379959245C485D003068DA /* LeaderboardTableViewCell.swift in Sources */ = {isa = PBXBuildFile; fileRef = 8D379958245C485D003068DA /* LeaderboardTableViewCell.swift */; };
		8D75F0D2245EBCFE00AC5FE0 /* Quiz.xcdatamodeld in Sources */ = {isa = PBXBuildFile; fileRef = 8D75F0D0245EBCFE00AC5FE0 /* Quiz.xcdatamodeld */; };
		8D899B59245B5AB70056F7EE /* QuestionsView.swift in Sources */ = {isa = PBXBuildFile; fileRef = 8D899B58245B5AB70056F7EE /* QuestionsView.swift */; };
		8D899B5B245B5AC70056F7EE /* QuestionsView.xib in Resources */ = {isa = PBXBuildFile; fileRef = 8D899B5A245B5AC70056F7EE /* QuestionsView.xib */; };
		8DA90D66245AF6DE008FC028 /* Quiz.swift in Sources */ = {isa = PBXBuildFile; fileRef = 8DA90D65245AF6DE008FC028 /* Quiz.swift */; };
		8DA90D68245AFC63008FC028 /* QuizTableViewCell.swift in Sources */ = {isa = PBXBuildFile; fileRef = 8DA90D67245AFC63008FC028 /* QuizTableViewCell.swift */; };
		8DA95FE9244745640088D345 /* QuizViewController.swift in Sources */ = {isa = PBXBuildFile; fileRef = 8DA95FE8244745640088D345 /* QuizViewController.swift */; };
		8DA95FEB24474A5C0088D345 /* Extensions.swift in Sources */ = {isa = PBXBuildFile; fileRef = 8DA95FEA24474A5C0088D345 /* Extensions.swift */; };
		8DB589612440E9D70045180D /* AppDelegate.swift in Sources */ = {isa = PBXBuildFile; fileRef = 8DB589602440E9D70045180D /* AppDelegate.swift */; };
		8DB589632440E9D70045180D /* SceneDelegate.swift in Sources */ = {isa = PBXBuildFile; fileRef = 8DB589622440E9D70045180D /* SceneDelegate.swift */; };
		8DB589652440E9D70045180D /* ViewController.swift in Sources */ = {isa = PBXBuildFile; fileRef = 8DB589642440E9D70045180D /* ViewController.swift */; };
		8DB589682440E9D70045180D /* Main.storyboard in Resources */ = {isa = PBXBuildFile; fileRef = 8DB589662440E9D70045180D /* Main.storyboard */; };
		8DB5896A2440E9DA0045180D /* Assets.xcassets in Resources */ = {isa = PBXBuildFile; fileRef = 8DB589692440E9DA0045180D /* Assets.xcassets */; };
		8DB5896D2440E9DA0045180D /* LaunchScreen.storyboard in Resources */ = {isa = PBXBuildFile; fileRef = 8DB5896B2440E9DA0045180D /* LaunchScreen.storyboard */; };
		8DC15A762440F5E600E4B497 /* Backgrounds.plist in Resources */ = {isa = PBXBuildFile; fileRef = 8DC15A752440F5E600E4B497 /* Backgrounds.plist */; };
		8DD3AAA6245B10C3004CF309 /* QuestionView.swift in Sources */ = {isa = PBXBuildFile; fileRef = 8DD3AAA5245B10C3004CF309 /* QuestionView.swift */; };
		8DD3AAA8245B10D0004CF309 /* QuestionView.xib in Resources */ = {isa = PBXBuildFile; fileRef = 8DD3AAA7245B10D0004CF309 /* QuestionView.xib */; };
		8DD3AAAC245B1188004CF309 /* QuizTaskViewController.swift in Sources */ = {isa = PBXBuildFile; fileRef = 8DD3AAAA245B1188004CF309 /* QuizTaskViewController.swift */; };
		8DDE3071245F4DCD00D4F493 /* SettingsViewController.swift in Sources */ = {isa = PBXBuildFile; fileRef = 8DDE306F245F4DCD00D4F493 /* SettingsViewController.swift */; };
		8DDE3072245F4DCD00D4F493 /* SettingsViewController.xib in Resources */ = {isa = PBXBuildFile; fileRef = 8DDE3070245F4DCD00D4F493 /* SettingsViewController.xib */; };
		8DDE3076245F51BA00D4F493 /* SearchViewController.swift in Sources */ = {isa = PBXBuildFile; fileRef = 8DDE3074245F51BA00D4F493 /* SearchViewController.swift */; };
/* End PBXBuildFile section */

/* Begin PBXFileReference section */
		7E1B2304EF2FB74149166FE6 /* Pods-QuizApp.release.xcconfig */ = {isa = PBXFileReference; includeInIndex = 1; lastKnownFileType = text.xcconfig; name = "Pods-QuizApp.release.xcconfig"; path = "Target Support Files/Pods-QuizApp/Pods-QuizApp.release.xcconfig"; sourceTree = "<group>"; };
		8D379956245C4837003068DA /* LeaderboardViewController.swift */ = {isa = PBXFileReference; lastKnownFileType = sourcecode.swift; path = LeaderboardViewController.swift; sourceTree = "<group>"; };
		8D379958245C485D003068DA /* LeaderboardTableViewCell.swift */ = {isa = PBXFileReference; lastKnownFileType = sourcecode.swift; path = LeaderboardTableViewCell.swift; sourceTree = "<group>"; };
		8D75F0D1245EBCFE00AC5FE0 /* Quiz.xcdatamodel */ = {isa = PBXFileReference; lastKnownFileType = wrapper.xcdatamodel; path = Quiz.xcdatamodel; sourceTree = "<group>"; };
		8D899B58245B5AB70056F7EE /* QuestionsView.swift */ = {isa = PBXFileReference; lastKnownFileType = sourcecode.swift; path = QuestionsView.swift; sourceTree = "<group>"; };
		8D899B5A245B5AC70056F7EE /* QuestionsView.xib */ = {isa = PBXFileReference; lastKnownFileType = file.xib; path = QuestionsView.xib; sourceTree = "<group>"; };
		8DA90D65245AF6DE008FC028 /* Quiz.swift */ = {isa = PBXFileReference; lastKnownFileType = sourcecode.swift; path = Quiz.swift; sourceTree = "<group>"; };
		8DA90D67245AFC63008FC028 /* QuizTableViewCell.swift */ = {isa = PBXFileReference; lastKnownFileType = sourcecode.swift; path = QuizTableViewCell.swift; sourceTree = "<group>"; };
		8DA95FE8244745640088D345 /* QuizViewController.swift */ = {isa = PBXFileReference; lastKnownFileType = sourcecode.swift; path = QuizViewController.swift; sourceTree = "<group>"; };
		8DA95FEA24474A5C0088D345 /* Extensions.swift */ = {isa = PBXFileReference; lastKnownFileType = sourcecode.swift; path = Extensions.swift; sourceTree = "<group>"; };
		8DB5895D2440E9D70045180D /* QuizApp.app */ = {isa = PBXFileReference; explicitFileType = wrapper.application; includeInIndex = 0; path = QuizApp.app; sourceTree = BUILT_PRODUCTS_DIR; };
		8DB589602440E9D70045180D /* AppDelegate.swift */ = {isa = PBXFileReference; lastKnownFileType = sourcecode.swift; path = AppDelegate.swift; sourceTree = "<group>"; };
		8DB589622440E9D70045180D /* SceneDelegate.swift */ = {isa = PBXFileReference; lastKnownFileType = sourcecode.swift; path = SceneDelegate.swift; sourceTree = "<group>"; };
		8DB589642440E9D70045180D /* ViewController.swift */ = {isa = PBXFileReference; lastKnownFileType = sourcecode.swift; path = ViewController.swift; sourceTree = "<group>"; };
		8DB589672440E9D70045180D /* Base */ = {isa = PBXFileReference; lastKnownFileType = file.storyboard; name = Base; path = Base.lproj/Main.storyboard; sourceTree = "<group>"; };
		8DB589692440E9DA0045180D /* Assets.xcassets */ = {isa = PBXFileReference; lastKnownFileType = folder.assetcatalog; path = Assets.xcassets; sourceTree = "<group>"; };
		8DB5896C2440E9DA0045180D /* Base */ = {isa = PBXFileReference; lastKnownFileType = file.storyboard; name = Base; path = Base.lproj/LaunchScreen.storyboard; sourceTree = "<group>"; };
		8DB5896E2440E9DA0045180D /* Info.plist */ = {isa = PBXFileReference; lastKnownFileType = text.plist.xml; path = Info.plist; sourceTree = "<group>"; };
		8DC15A752440F5E600E4B497 /* Backgrounds.plist */ = {isa = PBXFileReference; lastKnownFileType = text.plist.xml; path = Backgrounds.plist; sourceTree = "<group>"; };
		8DD3AAA5245B10C3004CF309 /* QuestionView.swift */ = {isa = PBXFileReference; lastKnownFileType = sourcecode.swift; path = QuestionView.swift; sourceTree = "<group>"; };
		8DD3AAA7245B10D0004CF309 /* QuestionView.xib */ = {isa = PBXFileReference; lastKnownFileType = file.xib; path = QuestionView.xib; sourceTree = "<group>"; };
		8DD3AAAA245B1188004CF309 /* QuizTaskViewController.swift */ = {isa = PBXFileReference; lastKnownFileType = sourcecode.swift; path = QuizTaskViewController.swift; sourceTree = "<group>"; };
		8DDE306F245F4DCD00D4F493 /* SettingsViewController.swift */ = {isa = PBXFileReference; lastKnownFileType = sourcecode.swift; path = SettingsViewController.swift; sourceTree = "<group>"; };
		8DDE3070245F4DCD00D4F493 /* SettingsViewController.xib */ = {isa = PBXFileReference; lastKnownFileType = file.xib; path = SettingsViewController.xib; sourceTree = "<group>"; };
		8DDE3074245F51BA00D4F493 /* SearchViewController.swift */ = {isa = PBXFileReference; lastKnownFileType = sourcecode.swift; path = SearchViewController.swift; sourceTree = "<group>"; };
		A29E340B51DC0EB8F5C678D2 /* Pods-QuizApp.debug.xcconfig */ = {isa = PBXFileReference; includeInIndex = 1; lastKnownFileType = text.xcconfig; name = "Pods-QuizApp.debug.xcconfig"; path = "Target Support Files/Pods-QuizApp/Pods-QuizApp.debug.xcconfig"; sourceTree = "<group>"; };
		C8DBCF31F482C3894009FB80 /* Pods_QuizApp.framework */ = {isa = PBXFileReference; explicitFileType = wrapper.framework; includeInIndex = 0; path = Pods_QuizApp.framework; sourceTree = BUILT_PRODUCTS_DIR; };
/* End PBXFileReference section */

/* Begin PBXFrameworksBuildPhase section */
		8DB5895A2440E9D70045180D /* Frameworks */ = {
			isa = PBXFrameworksBuildPhase;
			buildActionMask = 2147483647;
			files = (
				0F9C4ECCF92E2454999912C6 /* Pods_QuizApp.framework in Frameworks */,
			);
			runOnlyForDeploymentPostprocessing = 0;
		};
/* End PBXFrameworksBuildPhase section */

/* Begin PBXGroup section */
		8D379955245C4821003068DA /* Frontend */ = {
			isa = PBXGroup;
			children = (
				8DA90D67245AFC63008FC028 /* QuizTableViewCell.swift */,
				8DD3AAAA245B1188004CF309 /* QuizTaskViewController.swift */,
				8D37995A245C4861003068DA /* Leaderboard */,
				8D899B5C245B5ACB0056F7EE /* QuestionsView */,
				8DD3AAA9245B10D4004CF309 /* QuestionView */,
			);
			path = Frontend;
			sourceTree = "<group>";
		};
		8D37995A245C4861003068DA /* Leaderboard */ = {
			isa = PBXGroup;
			children = (
				8D379956245C4837003068DA /* LeaderboardViewController.swift */,
				8D379958245C485D003068DA /* LeaderboardTableViewCell.swift */,
			);
			path = Leaderboard;
			sourceTree = "<group>";
		};
		8D37C909245EBFBC00A0A4A4 /* Quiz */ = {
			isa = PBXGroup;
			children = (
				8DAF171A247D2EF000A2D0A3 /* Backend */,
				8D379955245C4821003068DA /* Frontend */,
			);
			path = Quiz;
			sourceTree = "<group>";
		};
		8D899B5C245B5ACB0056F7EE /* QuestionsView */ = {
			isa = PBXGroup;
			children = (
				8D899B58245B5AB70056F7EE /* QuestionsView.swift */,
				8D899B5A245B5AC70056F7EE /* QuestionsView.xib */,
			);
			path = QuestionsView;
			sourceTree = "<group>";
		};
		8DAF1718247D2EB300A2D0A3 /* Tabs */ = {
			isa = PBXGroup;
			children = (
				8DAF1719247D2ED100A2D0A3 /* Main */,
				8DDE3078245F51BF00D4F493 /* Search */,
				8DDE3073245F4DD000D4F493 /* Settings */,
			);
			path = Tabs;
			sourceTree = "<group>";
		};
		8DAF1719247D2ED100A2D0A3 /* Main */ = {
			isa = PBXGroup;
			children = (
				8DA95FE8244745640088D345 /* QuizViewController.swift */,
			);
			path = Main;
			sourceTree = "<group>";
		};
		8DAF171A247D2EF000A2D0A3 /* Backend */ = {
			isa = PBXGroup;
			children = (
				8D75F0D0245EBCFE00AC5FE0 /* Quiz.xcdatamodeld */,
				8DA90D65245AF6DE008FC028 /* Quiz.swift */,
			);
			path = Backend;
			sourceTree = "<group>";
		};
		8DB589542440E9D70045180D = {
			isa = PBXGroup;
			children = (
				8DB5895F2440E9D70045180D /* QuizApp */,
				8DB5895E2440E9D70045180D /* Products */,
				A287C0E03363CC770DD88FB7 /* Pods */,
				A84AFDBDD0FF7FF2D3004A87 /* Frameworks */,
			);
			sourceTree = "<group>";
		};
		8DB5895E2440E9D70045180D /* Products */ = {
			isa = PBXGroup;
			children = (
				8DB5895D2440E9D70045180D /* QuizApp.app */,
			);
			name = Products;
			sourceTree = "<group>";
		};
		8DB5895F2440E9D70045180D /* QuizApp */ = {
			isa = PBXGroup;
			children = (
				8DB589602440E9D70045180D /* AppDelegate.swift */,
				8DB589622440E9D70045180D /* SceneDelegate.swift */,
				8DA95FEA24474A5C0088D345 /* Extensions.swift */,
				8DB589642440E9D70045180D /* ViewController.swift */,
				8DAF1718247D2EB300A2D0A3 /* Tabs */,
				8D37C909245EBFBC00A0A4A4 /* Quiz */,
				8DB589662440E9D70045180D /* Main.storyboard */,
				8DC15A752440F5E600E4B497 /* Backgrounds.plist */,
				8DB589692440E9DA0045180D /* Assets.xcassets */,
				8DB5896B2440E9DA0045180D /* LaunchScreen.storyboard */,
				8DB5896E2440E9DA0045180D /* Info.plist */,
			);
			path = QuizApp;
			sourceTree = "<group>";
		};
		8DD3AAA9245B10D4004CF309 /* QuestionView */ = {
			isa = PBXGroup;
			children = (
				8DD3AAA5245B10C3004CF309 /* QuestionView.swift */,
				8DD3AAA7245B10D0004CF309 /* QuestionView.xib */,
			);
			path = QuestionView;
			sourceTree = "<group>";
		};
		8DDE3073245F4DD000D4F493 /* Settings */ = {
			isa = PBXGroup;
			children = (
				8DDE306F245F4DCD00D4F493 /* SettingsViewController.swift */,
				8DDE3070245F4DCD00D4F493 /* SettingsViewController.xib */,
			);
			path = Settings;
			sourceTree = "<group>";
		};
		8DDE3078245F51BF00D4F493 /* Search */ = {
			isa = PBXGroup;
			children = (
				8DDE3074245F51BA00D4F493 /* SearchViewController.swift */,
			);
			path = Search;
			sourceTree = "<group>";
		};
		A287C0E03363CC770DD88FB7 /* Pods */ = {
			isa = PBXGroup;
			children = (
				A29E340B51DC0EB8F5C678D2 /* Pods-QuizApp.debug.xcconfig */,
				7E1B2304EF2FB74149166FE6 /* Pods-QuizApp.release.xcconfig */,
			);
			path = Pods;
			sourceTree = "<group>";
		};
		A84AFDBDD0FF7FF2D3004A87 /* Frameworks */ = {
			isa = PBXGroup;
			children = (
				C8DBCF31F482C3894009FB80 /* Pods_QuizApp.framework */,
			);
			name = Frameworks;
			sourceTree = "<group>";
		};
/* End PBXGroup section */

/* Begin PBXNativeTarget section */
		8DB5895C2440E9D70045180D /* QuizApp */ = {
			isa = PBXNativeTarget;
			buildConfigurationList = 8DB589712440E9DA0045180D /* Build configuration list for PBXNativeTarget "QuizApp" */;
			buildPhases = (
				BEFCE118D7822E6B4E38B9CB /* [CP] Check Pods Manifest.lock */,
				8DB589592440E9D70045180D /* Sources */,
				8DB5895A2440E9D70045180D /* Frameworks */,
				8DB5895B2440E9D70045180D /* Resources */,
				212D5516970F9FC1C9B6BA9A /* [CP] Embed Pods Frameworks */,
			);
			buildRules = (
			);
			dependencies = (
			);
			name = QuizApp;
			productName = QuizApp;
			productReference = 8DB5895D2440E9D70045180D /* QuizApp.app */;
			productType = "com.apple.product-type.application";
		};
/* End PBXNativeTarget section */

/* Begin PBXProject section */
		8DB589552440E9D70045180D /* Project object */ = {
			isa = PBXProject;
			attributes = {
				LastSwiftUpdateCheck = 1130;
				LastUpgradeCheck = 1130;
				ORGANIZATIONNAME = "Patrik Đurđević";
				TargetAttributes = {
					8DB5895C2440E9D70045180D = {
						CreatedOnToolsVersion = 11.3.1;
					};
				};
			};
			buildConfigurationList = 8DB589582440E9D70045180D /* Build configuration list for PBXProject "QuizApp" */;
			compatibilityVersion = "Xcode 9.3";
			developmentRegion = en;
			hasScannedForEncodings = 0;
			knownRegions = (
				en,
				Base,
			);
			mainGroup = 8DB589542440E9D70045180D;
			productRefGroup = 8DB5895E2440E9D70045180D /* Products */;
			projectDirPath = "";
			projectRoot = "";
			targets = (
				8DB5895C2440E9D70045180D /* QuizApp */,
			);
		};
/* End PBXProject section */

/* Begin PBXResourcesBuildPhase section */
		8DB5895B2440E9D70045180D /* Resources */ = {
			isa = PBXResourcesBuildPhase;
			buildActionMask = 2147483647;
			files = (
				8DD3AAA8245B10D0004CF309 /* QuestionView.xib in Resources */,
				8DB5896D2440E9DA0045180D /* LaunchScreen.storyboard in Resources */,
				8DB5896A2440E9DA0045180D /* Assets.xcassets in Resources */,
				8DC15A762440F5E600E4B497 /* Backgrounds.plist in Resources */,
				8D899B5B245B5AC70056F7EE /* QuestionsView.xib in Resources */,
				8DDE3072245F4DCD00D4F493 /* SettingsViewController.xib in Resources */,
				8DB589682440E9D70045180D /* Main.storyboard in Resources */,
			);
			runOnlyForDeploymentPostprocessing = 0;
		};
/* End PBXResourcesBuildPhase section */

/* Begin PBXShellScriptBuildPhase section */
		212D5516970F9FC1C9B6BA9A /* [CP] Embed Pods Frameworks */ = {
			isa = PBXShellScriptBuildPhase;
			buildActionMask = 2147483647;
			files = (
			);
			inputFileListPaths = (
				"${PODS_ROOT}/Target Support Files/Pods-QuizApp/Pods-QuizApp-frameworks-${CONFIGURATION}-input-files.xcfilelist",
			);
			name = "[CP] Embed Pods Frameworks";
			outputFileListPaths = (
				"${PODS_ROOT}/Target Support Files/Pods-QuizApp/Pods-QuizApp-frameworks-${CONFIGURATION}-output-files.xcfilelist",
			);
			runOnlyForDeploymentPostprocessing = 0;
			shellPath = /bin/sh;
			shellScript = "\"${PODS_ROOT}/Target Support Files/Pods-QuizApp/Pods-QuizApp-frameworks.sh\"\n";
			showEnvVarsInLog = 0;
		};
		BEFCE118D7822E6B4E38B9CB /* [CP] Check Pods Manifest.lock */ = {
			isa = PBXShellScriptBuildPhase;
			buildActionMask = 2147483647;
			files = (
			);
			inputFileListPaths = (
			);
			inputPaths = (
				"${PODS_PODFILE_DIR_PATH}/Podfile.lock",
				"${PODS_ROOT}/Manifest.lock",
			);
			name = "[CP] Check Pods Manifest.lock";
			outputFileListPaths = (
			);
			outputPaths = (
				"$(DERIVED_FILE_DIR)/Pods-QuizApp-checkManifestLockResult.txt",
			);
			runOnlyForDeploymentPostprocessing = 0;
			shellPath = /bin/sh;
			shellScript = "diff \"${PODS_PODFILE_DIR_PATH}/Podfile.lock\" \"${PODS_ROOT}/Manifest.lock\" > /dev/null\nif [ $? != 0 ] ; then\n    # print error to STDERR\n    echo \"error: The sandbox is not in sync with the Podfile.lock. Run 'pod install' or update your CocoaPods installation.\" >&2\n    exit 1\nfi\n# This output is used by Xcode 'outputs' to avoid re-running this script phase.\necho \"SUCCESS\" > \"${SCRIPT_OUTPUT_FILE_0}\"\n";
			showEnvVarsInLog = 0;
		};
/* End PBXShellScriptBuildPhase section */

/* Begin PBXSourcesBuildPhase section */
		8DB589592440E9D70045180D /* Sources */ = {
			isa = PBXSourcesBuildPhase;
			buildActionMask = 2147483647;
			files = (
				8DDE3076245F51BA00D4F493 /* SearchViewController.swift in Sources */,
				8DD3AAA6245B10C3004CF309 /* QuestionView.swift in Sources */,
				8DA90D68245AFC63008FC028 /* QuizTableViewCell.swift in Sources */,
				8DA95FEB24474A5C0088D345 /* Extensions.swift in Sources */,
				8DB589652440E9D70045180D /* ViewController.swift in Sources */,
				8DA90D66245AF6DE008FC028 /* Quiz.swift in Sources */,
				8DB589612440E9D70045180D /* AppDelegate.swift in Sources */,
				8DB589632440E9D70045180D /* SceneDelegate.swift in Sources */,
				8DD3AAAC245B1188004CF309 /* QuizTaskViewController.swift in Sources */,
				8D75F0D2245EBCFE00AC5FE0 /* Quiz.xcdatamodeld in Sources */,
				8DDE3071245F4DCD00D4F493 /* SettingsViewController.swift in Sources */,
				8D379957245C4837003068DA /* LeaderboardViewController.swift in Sources */,
				8D379959245C485D003068DA /* LeaderboardTableViewCell.swift in Sources */,
				8D899B59245B5AB70056F7EE /* QuestionsView.swift in Sources */,
				8DA95FE9244745640088D345 /* QuizViewController.swift in Sources */,
			);
			runOnlyForDeploymentPostprocessing = 0;
		};
/* End PBXSourcesBuildPhase section */

/* Begin PBXVariantGroup section */
		8DB589662440E9D70045180D /* Main.storyboard */ = {
			isa = PBXVariantGroup;
			children = (
				8DB589672440E9D70045180D /* Base */,
			);
			name = Main.storyboard;
			sourceTree = "<group>";
		};
		8DB5896B2440E9DA0045180D /* LaunchScreen.storyboard */ = {
			isa = PBXVariantGroup;
			children = (
				8DB5896C2440E9DA0045180D /* Base */,
			);
			name = LaunchScreen.storyboard;
			sourceTree = "<group>";
		};
/* End PBXVariantGroup section */

/* Begin XCBuildConfiguration section */
		8DB5896F2440E9DA0045180D /* Debug */ = {
			isa = XCBuildConfiguration;
			buildSettings = {
				ALWAYS_SEARCH_USER_PATHS = NO;
				CLANG_ANALYZER_NONNULL = YES;
				CLANG_ANALYZER_NUMBER_OBJECT_CONVERSION = YES_AGGRESSIVE;
				CLANG_CXX_LANGUAGE_STANDARD = "gnu++14";
				CLANG_CXX_LIBRARY = "libc++";
				CLANG_ENABLE_MODULES = YES;
				CLANG_ENABLE_OBJC_ARC = YES;
				CLANG_ENABLE_OBJC_WEAK = YES;
				CLANG_WARN_BLOCK_CAPTURE_AUTORELEASING = YES;
				CLANG_WARN_BOOL_CONVERSION = YES;
				CLANG_WARN_COMMA = YES;
				CLANG_WARN_CONSTANT_CONVERSION = YES;
				CLANG_WARN_DEPRECATED_OBJC_IMPLEMENTATIONS = YES;
				CLANG_WARN_DIRECT_OBJC_ISA_USAGE = YES_ERROR;
				CLANG_WARN_DOCUMENTATION_COMMENTS = YES;
				CLANG_WARN_EMPTY_BODY = YES;
				CLANG_WARN_ENUM_CONVERSION = YES;
				CLANG_WARN_INFINITE_RECURSION = YES;
				CLANG_WARN_INT_CONVERSION = YES;
				CLANG_WARN_NON_LITERAL_NULL_CONVERSION = YES;
				CLANG_WARN_OBJC_IMPLICIT_RETAIN_SELF = YES;
				CLANG_WARN_OBJC_LITERAL_CONVERSION = YES;
				CLANG_WARN_OBJC_ROOT_CLASS = YES_ERROR;
				CLANG_WARN_RANGE_LOOP_ANALYSIS = YES;
				CLANG_WARN_STRICT_PROTOTYPES = YES;
				CLANG_WARN_SUSPICIOUS_MOVE = YES;
				CLANG_WARN_UNGUARDED_AVAILABILITY = YES_AGGRESSIVE;
				CLANG_WARN_UNREACHABLE_CODE = YES;
				CLANG_WARN__DUPLICATE_METHOD_MATCH = YES;
				COPY_PHASE_STRIP = NO;
				DEBUG_INFORMATION_FORMAT = dwarf;
				ENABLE_STRICT_OBJC_MSGSEND = YES;
				ENABLE_TESTABILITY = YES;
				GCC_C_LANGUAGE_STANDARD = gnu11;
				GCC_DYNAMIC_NO_PIC = NO;
				GCC_NO_COMMON_BLOCKS = YES;
				GCC_OPTIMIZATION_LEVEL = 0;
				GCC_PREPROCESSOR_DEFINITIONS = (
					"DEBUG=1",
					"$(inherited)",
				);
				GCC_WARN_64_TO_32_BIT_CONVERSION = YES;
				GCC_WARN_ABOUT_RETURN_TYPE = YES_ERROR;
				GCC_WARN_UNDECLARED_SELECTOR = YES;
				GCC_WARN_UNINITIALIZED_AUTOS = YES_AGGRESSIVE;
				GCC_WARN_UNUSED_FUNCTION = YES;
				GCC_WARN_UNUSED_VARIABLE = YES;
				IPHONEOS_DEPLOYMENT_TARGET = 13.2;
				MTL_ENABLE_DEBUG_INFO = INCLUDE_SOURCE;
				MTL_FAST_MATH = YES;
				ONLY_ACTIVE_ARCH = YES;
				SDKROOT = iphoneos;
				SWIFT_ACTIVE_COMPILATION_CONDITIONS = DEBUG;
				SWIFT_OPTIMIZATION_LEVEL = "-Onone";
			};
			name = Debug;
		};
		8DB589702440E9DA0045180D /* Release */ = {
			isa = XCBuildConfiguration;
			buildSettings = {
				ALWAYS_SEARCH_USER_PATHS = NO;
				CLANG_ANALYZER_NONNULL = YES;
				CLANG_ANALYZER_NUMBER_OBJECT_CONVERSION = YES_AGGRESSIVE;
				CLANG_CXX_LANGUAGE_STANDARD = "gnu++14";
				CLANG_CXX_LIBRARY = "libc++";
				CLANG_ENABLE_MODULES = YES;
				CLANG_ENABLE_OBJC_ARC = YES;
				CLANG_ENABLE_OBJC_WEAK = YES;
				CLANG_WARN_BLOCK_CAPTURE_AUTORELEASING = YES;
				CLANG_WARN_BOOL_CONVERSION = YES;
				CLANG_WARN_COMMA = YES;
				CLANG_WARN_CONSTANT_CONVERSION = YES;
				CLANG_WARN_DEPRECATED_OBJC_IMPLEMENTATIONS = YES;
				CLANG_WARN_DIRECT_OBJC_ISA_USAGE = YES_ERROR;
				CLANG_WARN_DOCUMENTATION_COMMENTS = YES;
				CLANG_WARN_EMPTY_BODY = YES;
				CLANG_WARN_ENUM_CONVERSION = YES;
				CLANG_WARN_INFINITE_RECURSION = YES;
				CLANG_WARN_INT_CONVERSION = YES;
				CLANG_WARN_NON_LITERAL_NULL_CONVERSION = YES;
				CLANG_WARN_OBJC_IMPLICIT_RETAIN_SELF = YES;
				CLANG_WARN_OBJC_LITERAL_CONVERSION = YES;
				CLANG_WARN_OBJC_ROOT_CLASS = YES_ERROR;
				CLANG_WARN_RANGE_LOOP_ANALYSIS = YES;
				CLANG_WARN_STRICT_PROTOTYPES = YES;
				CLANG_WARN_SUSPICIOUS_MOVE = YES;
				CLANG_WARN_UNGUARDED_AVAILABILITY = YES_AGGRESSIVE;
				CLANG_WARN_UNREACHABLE_CODE = YES;
				CLANG_WARN__DUPLICATE_METHOD_MATCH = YES;
				COPY_PHASE_STRIP = NO;
				DEBUG_INFORMATION_FORMAT = "dwarf-with-dsym";
				ENABLE_NS_ASSERTIONS = NO;
				ENABLE_STRICT_OBJC_MSGSEND = YES;
				GCC_C_LANGUAGE_STANDARD = gnu11;
				GCC_NO_COMMON_BLOCKS = YES;
				GCC_WARN_64_TO_32_BIT_CONVERSION = YES;
				GCC_WARN_ABOUT_RETURN_TYPE = YES_ERROR;
				GCC_WARN_UNDECLARED_SELECTOR = YES;
				GCC_WARN_UNINITIALIZED_AUTOS = YES_AGGRESSIVE;
				GCC_WARN_UNUSED_FUNCTION = YES;
				GCC_WARN_UNUSED_VARIABLE = YES;
				IPHONEOS_DEPLOYMENT_TARGET = 13.2;
				MTL_ENABLE_DEBUG_INFO = NO;
				MTL_FAST_MATH = YES;
				SDKROOT = iphoneos;
				SWIFT_COMPILATION_MODE = wholemodule;
				SWIFT_OPTIMIZATION_LEVEL = "-O";
				VALIDATE_PRODUCT = YES;
			};
			name = Release;
		};
		8DB589722440E9DA0045180D /* Debug */ = {
			isa = XCBuildConfiguration;
			baseConfigurationReference = A29E340B51DC0EB8F5C678D2 /* Pods-QuizApp.debug.xcconfig */;
			buildSettings = {
				ASSETCATALOG_COMPILER_APPICON_NAME = AppIcon;
				CODE_SIGN_STYLE = Automatic;
				DEVELOPMENT_TEAM = 8Y5RZHBFXN;
				INFOPLIST_FILE = QuizApp/Info.plist;
				LD_RUNPATH_SEARCH_PATHS = (
					"$(inherited)",
					"@executable_path/Frameworks",
				);
				PRODUCT_BUNDLE_IDENTIFIER = me.PatrikDurdevic.QuizApp;
				PRODUCT_NAME = "$(TARGET_NAME)";
				SWIFT_VERSION = 5.0;
				TARGETED_DEVICE_FAMILY = "1,2";
			};
			name = Debug;
		};
		8DB589732440E9DA0045180D /* Release */ = {
			isa = XCBuildConfiguration;
			baseConfigurationReference = 7E1B2304EF2FB74149166FE6 /* Pods-QuizApp.release.xcconfig */;
			buildSettings = {
				ASSETCATALOG_COMPILER_APPICON_NAME = AppIcon;
				CODE_SIGN_STYLE = Automatic;
				DEVELOPMENT_TEAM = 8Y5RZHBFXN;
				INFOPLIST_FILE = QuizApp/Info.plist;
				LD_RUNPATH_SEARCH_PATHS = (
					"$(inherited)",
					"@executable_path/Frameworks",
				);
				PRODUCT_BUNDLE_IDENTIFIER = me.PatrikDurdevic.QuizApp;
				PRODUCT_NAME = "$(TARGET_NAME)";
				SWIFT_VERSION = 5.0;
				TARGETED_DEVICE_FAMILY = "1,2";
			};
			name = Release;
		};
/* End XCBuildConfiguration section */

/* Begin XCConfigurationList section */
		8DB589582440E9D70045180D /* Build configuration list for PBXProject "QuizApp" */ = {
			isa = XCConfigurationList;
			buildConfigurations = (
				8DB5896F2440E9DA0045180D /* Debug */,
				8DB589702440E9DA0045180D /* Release */,
			);
			defaultConfigurationIsVisible = 0;
			defaultConfigurationName = Release;
		};
		8DB589712440E9DA0045180D /* Build configuration list for PBXNativeTarget "QuizApp" */ = {
			isa = XCConfigurationList;
			buildConfigurations = (
				8DB589722440E9DA0045180D /* Debug */,
				8DB589732440E9DA0045180D /* Release */,
			);
			defaultConfigurationIsVisible = 0;
			defaultConfigurationName = Release;
		};
/* End XCConfigurationList section */

/* Begin XCVersionGroup section */
		8D75F0D0245EBCFE00AC5FE0 /* Quiz.xcdatamodeld */ = {
			isa = XCVersionGroup;
			children = (
				8D75F0D1245EBCFE00AC5FE0 /* Quiz.xcdatamodel */,
			);
			currentVersion = 8D75F0D1245EBCFE00AC5FE0 /* Quiz.xcdatamodel */;
			path = Quiz.xcdatamodeld;
			sourceTree = "<group>";
			versionGroupType = wrapper.xcdatamodel;
		};
/* End XCVersionGroup section */
	};
	rootObject = 8DB589552440E9D70045180D /* Project object */;
}
